
Microsoft Visual Studio Solution File, Format Version 12.00
# Visual Studio Version 16
VisualStudioVersion = 16.0.31112.23
MinimumVisualStudioVersion = 10.0.40219.1
Project("{FAE04EC0-301F-11D3-BF4B-00C04F79EFBC}") = "WebApp", "WebApp\WebApp.csproj", "{464B42A5-71FD-4CDA-835C-37F32601B882}"
EndProject
Global
	GlobalSection(SolutionConfigurationPlatforms) = preSolution
		Debug|Any CPU = Debug|Any CPU
		Release|Any CPU = Release|Any CPU
	EndGlobalSection
	GlobalSection(ProjectConfigurationPlatforms) = postSolution
		{464B42A5-71FD-4CDA-835C-37F32601B882}.Debug|Any CPU.ActiveCfg = Debug|Any CPU
		{464B42A5-71FD-4CDA-835C-37F32601B882}.Debug|Any CPU.Build.0 = Debug|Any CPU
		{464B42A5-71FD-4CDA-835C-37F32601B882}.Release|Any CPU.ActiveCfg = Release|Any CPU
		{464B42A5-71FD-4CDA-835C-37F32601B882}.Release|Any CPU.Build.0 = Release|Any CPU
	EndGlobalSection
	GlobalSection(SolutionProperties) = preSolution
		HideSolutionNode = FALSE
	EndGlobalSection
	GlobalSection(ExtensibilityGlobals) = postSolution
		SolutionGuid = {5DB85B3B-CAC2-4624-A7B4-B7B7519046DC}
	EndGlobalSection
EndGlobal
